// !$*UTF8*$!
{
	archiveVersion = 1;
	classes = {
	};
	objectVersion = 56;
	objects = {

/* Begin PBXBuildFile section */
		4B18BE40298B81BB007F108D /* RemoteConfigManager.swift in Sources */ = {isa = PBXBuildFile; fileRef = 4B18BE3F298B81BB007F108D /* RemoteConfigManager.swift */; };
		4B18BE42298B87BB007F108D /* RemoteConfig.plist in Resources */ = {isa = PBXBuildFile; fileRef = 4B18BE41298B87BB007F108D /* RemoteConfig.plist */; };
		4BE169C6298BD295004FE22F /* FirebaseAnalytics in Frameworks */ = {isa = PBXBuildFile; productRef = 4BE169C5298BD295004FE22F /* FirebaseAnalytics */; };
		4BE169C8298BD295004FE22F /* FirebaseCrashlytics in Frameworks */ = {isa = PBXBuildFile; productRef = 4BE169C7298BD295004FE22F /* FirebaseCrashlytics */; };
		4BE169CA298BD295004FE22F /* FirebaseRemoteConfig in Frameworks */ = {isa = PBXBuildFile; productRef = 4BE169C9298BD295004FE22F /* FirebaseRemoteConfig */; };
		DE367583298030CF00C97F00 /* AppDelegate.swift in Sources */ = {isa = PBXBuildFile; fileRef = DE367582298030CF00C97F00 /* AppDelegate.swift */; };
		DE367585298030CF00C97F00 /* SceneDelegate.swift in Sources */ = {isa = PBXBuildFile; fileRef = DE367584298030CF00C97F00 /* SceneDelegate.swift */; };
		DE367587298030CF00C97F00 /* ViewController.swift in Sources */ = {isa = PBXBuildFile; fileRef = DE367586298030CF00C97F00 /* ViewController.swift */; };
		DE36758A298030CF00C97F00 /* Main.storyboard in Resources */ = {isa = PBXBuildFile; fileRef = DE367588298030CF00C97F00 /* Main.storyboard */; };
		DE36758C298030D100C97F00 /* Assets.xcassets in Resources */ = {isa = PBXBuildFile; fileRef = DE36758B298030D100C97F00 /* Assets.xcassets */; };
		DE36758F298030D100C97F00 /* LaunchScreen.storyboard in Resources */ = {isa = PBXBuildFile; fileRef = DE36758D298030D100C97F00 /* LaunchScreen.storyboard */; };
		DE36759C2980319800C97F00 /* GoogleService-Info.plist in Resources */ = {isa = PBXBuildFile; fileRef = DE36759B2980319800C97F00 /* GoogleService-Info.plist */; };
/* End PBXBuildFile section */

/* Begin PBXFileReference section */
		4B18BE3F298B81BB007F108D /* RemoteConfigManager.swift */ = {isa = PBXFileReference; lastKnownFileType = sourcecode.swift; path = RemoteConfigManager.swift; sourceTree = "<group>"; };
		4B18BE41298B87BB007F108D /* RemoteConfig.plist */ = {isa = PBXFileReference; lastKnownFileType = text.plist.xml; path = RemoteConfig.plist; sourceTree = "<group>"; };
		DE36757F298030CF00C97F00 /* Firebase Demo.app */ = {isa = PBXFileReference; explicitFileType = wrapper.application; includeInIndex = 0; path = "Firebase Demo.app"; sourceTree = BUILT_PRODUCTS_DIR; };
		DE367582298030CF00C97F00 /* AppDelegate.swift */ = {isa = PBXFileReference; lastKnownFileType = sourcecode.swift; path = AppDelegate.swift; sourceTree = "<group>"; };
		DE367584298030CF00C97F00 /* SceneDelegate.swift */ = {isa = PBXFileReference; lastKnownFileType = sourcecode.swift; path = SceneDelegate.swift; sourceTree = "<group>"; };
		DE367586298030CF00C97F00 /* ViewController.swift */ = {isa = PBXFileReference; lastKnownFileType = sourcecode.swift; path = ViewController.swift; sourceTree = "<group>"; };
		DE367589298030CF00C97F00 /* Base */ = {isa = PBXFileReference; lastKnownFileType = file.storyboard; name = Base; path = Base.lproj/Main.storyboard; sourceTree = "<group>"; };
		DE36758B298030D100C97F00 /* Assets.xcassets */ = {isa = PBXFileReference; lastKnownFileType = folder.assetcatalog; path = Assets.xcassets; sourceTree = "<group>"; };
		DE36758E298030D100C97F00 /* Base */ = {isa = PBXFileReference; lastKnownFileType = file.storyboard; name = Base; path = Base.lproj/LaunchScreen.storyboard; sourceTree = "<group>"; };
		DE367590298030D100C97F00 /* Info.plist */ = {isa = PBXFileReference; lastKnownFileType = text.plist.xml; path = Info.plist; sourceTree = "<group>"; };
		DE36759B2980319800C97F00 /* GoogleService-Info.plist */ = {isa = PBXFileReference; fileEncoding = 4; lastKnownFileType = text.plist.xml; path = "GoogleService-Info.plist"; sourceTree = "<group>"; };
/* End PBXFileReference section */

/* Begin PBXFrameworksBuildPhase section */
		DE36757C298030CF00C97F00 /* Frameworks */ = {
			isa = PBXFrameworksBuildPhase;
			buildActionMask = 2147483647;
			files = (
				4BE169CA298BD295004FE22F /* FirebaseRemoteConfig in Frameworks */,
				4BE169C6298BD295004FE22F /* FirebaseAnalytics in Frameworks */,
				4BE169C8298BD295004FE22F /* FirebaseCrashlytics in Frameworks */,
			);
			runOnlyForDeploymentPostprocessing = 0;
		};
/* End PBXFrameworksBuildPhase section */

/* Begin PBXGroup section */
		4B18BE43298B87C2007F108D /* RemoteConfigManager */ = {
			isa = PBXGroup;
			children = (
				4B18BE3F298B81BB007F108D /* RemoteConfigManager.swift */,
				4B18BE41298B87BB007F108D /* RemoteConfig.plist */,
			);
			path = RemoteConfigManager;
			sourceTree = "<group>";
		};
		DE367576298030CF00C97F00 = {
			isa = PBXGroup;
			children = (
				DE367581298030CF00C97F00 /* Firebase Demo */,
				DE367580298030CF00C97F00 /* Products */,
			);
			sourceTree = "<group>";
		};
		DE367580298030CF00C97F00 /* Products */ = {
			isa = PBXGroup;
			children = (
				DE36757F298030CF00C97F00 /* Firebase Demo.app */,
			);
			name = Products;
			sourceTree = "<group>";
		};
		DE367581298030CF00C97F00 /* Firebase Demo */ = {
			isa = PBXGroup;
			children = (
				DE36759B2980319800C97F00 /* GoogleService-Info.plist */,
				DE367582298030CF00C97F00 /* AppDelegate.swift */,
				DE367584298030CF00C97F00 /* SceneDelegate.swift */,
				DE367586298030CF00C97F00 /* ViewController.swift */,
				4B18BE43298B87C2007F108D /* RemoteConfigManager */,
				DE367588298030CF00C97F00 /* Main.storyboard */,
				DE36758B298030D100C97F00 /* Assets.xcassets */,
				DE36758D298030D100C97F00 /* LaunchScreen.storyboard */,
				DE367590298030D100C97F00 /* Info.plist */,
			);
			path = "Firebase Demo";
			sourceTree = "<group>";
		};
/* End PBXGroup section */

/* Begin PBXNativeTarget section */
		DE36757E298030CF00C97F00 /* Firebase Demo */ = {
			isa = PBXNativeTarget;
			buildConfigurationList = DE367593298030D100C97F00 /* Build configuration list for PBXNativeTarget "Firebase Demo" */;
			buildPhases = (
				DE36757B298030CF00C97F00 /* Sources */,
				DE36757C298030CF00C97F00 /* Frameworks */,
				DE36757D298030CF00C97F00 /* Resources */,
				DE3675A22980345F00C97F00 /* ShellScript */,
			);
			buildRules = (
			);
			dependencies = (
			);
			name = "Firebase Demo";
			packageProductDependencies = (
				4BE169C5298BD295004FE22F /* FirebaseAnalytics */,
				4BE169C7298BD295004FE22F /* FirebaseCrashlytics */,
				4BE169C9298BD295004FE22F /* FirebaseRemoteConfig */,
			);
			productName = "Firebase Demo";
			productReference = DE36757F298030CF00C97F00 /* Firebase Demo.app */;
			productType = "com.apple.product-type.application";
		};
/* End PBXNativeTarget section */

/* Begin PBXProject section */
		DE367577298030CF00C97F00 /* Project object */ = {
			isa = PBXProject;
			attributes = {
				BuildIndependentTargetsInParallel = 1;
				LastSwiftUpdateCheck = 1400;
				LastUpgradeCheck = 1400;
				TargetAttributes = {
					DE36757E298030CF00C97F00 = {
						CreatedOnToolsVersion = 14.0;
					};
				};
			};
			buildConfigurationList = DE36757A298030CF00C97F00 /* Build configuration list for PBXProject "Firebase Demo" */;
			compatibilityVersion = "Xcode 14.0";
			developmentRegion = en;
			hasScannedForEncodings = 0;
			knownRegions = (
				en,
				Base,
			);
			mainGroup = DE367576298030CF00C97F00;
			packageReferences = (
				4BE169C4298BD295004FE22F /* XCRemoteSwiftPackageReference "firebase-ios-sdk" */,
			);
			productRefGroup = DE367580298030CF00C97F00 /* Products */;
			projectDirPath = "";
			projectRoot = "";
			targets = (
				DE36757E298030CF00C97F00 /* Firebase Demo */,
			);
		};
/* End PBXProject section */

/* Begin PBXResourcesBuildPhase section */
		DE36757D298030CF00C97F00 /* Resources */ = {
			isa = PBXResourcesBuildPhase;
			buildActionMask = 2147483647;
			files = (
				DE36758F298030D100C97F00 /* LaunchScreen.storyboard in Resources */,
				4B18BE42298B87BB007F108D /* RemoteConfig.plist in Resources */,
				DE36759C2980319800C97F00 /* GoogleService-Info.plist in Resources */,
				DE36758C298030D100C97F00 /* Assets.xcassets in Resources */,
				DE36758A298030CF00C97F00 /* Main.storyboard in Resources */,
			);
			runOnlyForDeploymentPostprocessing = 0;
		};
/* End PBXResourcesBuildPhase section */

/* Begin PBXShellScriptBuildPhase section */
		DE3675A22980345F00C97F00 /* ShellScript */ = {
			isa = PBXShellScriptBuildPhase;
			buildActionMask = 2147483647;
			files = (
			);
			inputFileListPaths = (
			);
			inputPaths = (
				"$(SRCROOT)/${DWARF_DSYM_FOLDER_PATH}/${DWARF_DSYM_FILE_NAME}/Contents/Resources/DWARF/${TARGET_NAME}",
				"$(SRCROOT)/$(BUILT_PRODUCTS_DIR)/$(INFOPLIST_PATH)",
			);
			outputFileListPaths = (
			);
			outputPaths = (
			);
			runOnlyForDeploymentPostprocessing = 0;
			shellPath = /bin/sh;
			shellScript = "\"${BUILD_DIR%/Build/*}/SourcePackages/checkouts/firebase-ios-sdk/Crashlytics/run\"\n";
		};
/* End PBXShellScriptBuildPhase section */

/* Begin PBXSourcesBuildPhase section */
		DE36757B298030CF00C97F00 /* Sources */ = {
			isa = PBXSourcesBuildPhase;
			buildActionMask = 2147483647;
			files = (
				DE367587298030CF00C97F00 /* ViewController.swift in Sources */,
				4B18BE40298B81BB007F108D /* RemoteConfigManager.swift in Sources */,
				DE367583298030CF00C97F00 /* AppDelegate.swift in Sources */,
				DE367585298030CF00C97F00 /* SceneDelegate.swift in Sources */,
			);
			runOnlyForDeploymentPostprocessing = 0;
		};
/* End PBXSourcesBuildPhase section */

/* Begin PBXVariantGroup section */
		DE367588298030CF00C97F00 /* Main.storyboard */ = {
			isa = PBXVariantGroup;
			children = (
				DE367589298030CF00C97F00 /* Base */,
			);
			name = Main.storyboard;
			sourceTree = "<group>";
		};
		DE36758D298030D100C97F00 /* LaunchScreen.storyboard */ = {
			isa = PBXVariantGroup;
			children = (
				DE36758E298030D100C97F00 /* Base */,
			);
			name = LaunchScreen.storyboard;
			sourceTree = "<group>";
		};
/* End PBXVariantGroup section */

/* Begin XCBuildConfiguration section */
		DE367591298030D100C97F00 /* Debug */ = {
			isa = XCBuildConfiguration;
			buildSettings = {
				ALWAYS_SEARCH_USER_PATHS = NO;
				CLANG_ANALYZER_NONNULL = YES;
				CLANG_ANALYZER_NUMBER_OBJECT_CONVERSION = YES_AGGRESSIVE;
				CLANG_CXX_LANGUAGE_STANDARD = "gnu++20";
				CLANG_ENABLE_MODULES = YES;
				CLANG_ENABLE_OBJC_ARC = YES;
				CLANG_ENABLE_OBJC_WEAK = YES;
				CLANG_WARN_BLOCK_CAPTURE_AUTORELEASING = YES;
				CLANG_WARN_BOOL_CONVERSION = YES;
				CLANG_WARN_COMMA = YES;
				CLANG_WARN_CONSTANT_CONVERSION = YES;
				CLANG_WARN_DEPRECATED_OBJC_IMPLEMENTATIONS = YES;
				CLANG_WARN_DIRECT_OBJC_ISA_USAGE = YES_ERROR;
				CLANG_WARN_DOCUMENTATION_COMMENTS = YES;
				CLANG_WARN_EMPTY_BODY = YES;
				CLANG_WARN_ENUM_CONVERSION = YES;
				CLANG_WARN_INFINITE_RECURSION = YES;
				CLANG_WARN_INT_CONVERSION = YES;
				CLANG_WARN_NON_LITERAL_NULL_CONVERSION = YES;
				CLANG_WARN_OBJC_IMPLICIT_RETAIN_SELF = YES;
				CLANG_WARN_OBJC_LITERAL_CONVERSION = YES;
				CLANG_WARN_OBJC_ROOT_CLASS = YES_ERROR;
				CLANG_WARN_QUOTED_INCLUDE_IN_FRAMEWORK_HEADER = YES;
				CLANG_WARN_RANGE_LOOP_ANALYSIS = YES;
				CLANG_WARN_STRICT_PROTOTYPES = YES;
				CLANG_WARN_SUSPICIOUS_MOVE = YES;
				CLANG_WARN_UNGUARDED_AVAILABILITY = YES_AGGRESSIVE;
				CLANG_WARN_UNREACHABLE_CODE = YES;
				CLANG_WARN__DUPLICATE_METHOD_MATCH = YES;
				COPY_PHASE_STRIP = NO;
				DEBUG_INFORMATION_FORMAT = "dwarf-with-dsym";
				ENABLE_STRICT_OBJC_MSGSEND = YES;
				ENABLE_TESTABILITY = YES;
				GCC_C_LANGUAGE_STANDARD = gnu11;
				GCC_DYNAMIC_NO_PIC = NO;
				GCC_NO_COMMON_BLOCKS = YES;
				GCC_OPTIMIZATION_LEVEL = 0;
				GCC_PREPROCESSOR_DEFINITIONS = (
					"DEBUG=1",
					"$(inherited)",
				);
				GCC_WARN_64_TO_32_BIT_CONVERSION = YES;
				GCC_WARN_ABOUT_RETURN_TYPE = YES_ERROR;
				GCC_WARN_UNDECLARED_SELECTOR = YES;
				GCC_WARN_UNINITIALIZED_AUTOS = YES_AGGRESSIVE;
				GCC_WARN_UNUSED_FUNCTION = YES;
				GCC_WARN_UNUSED_VARIABLE = YES;
				IPHONEOS_DEPLOYMENT_TARGET = 16.0;
				MTL_ENABLE_DEBUG_INFO = INCLUDE_SOURCE;
				MTL_FAST_MATH = YES;
				ONLY_ACTIVE_ARCH = YES;
				SDKROOT = iphoneos;
				SWIFT_ACTIVE_COMPILATION_CONDITIONS = DEBUG;
				SWIFT_OPTIMIZATION_LEVEL = "-Onone";
			};
			name = Debug;
		};
		DE367592298030D100C97F00 /* Release */ = {
			isa = XCBuildConfiguration;
			buildSettings = {
				ALWAYS_SEARCH_USER_PATHS = NO;
				CLANG_ANALYZER_NONNULL = YES;
				CLANG_ANALYZER_NUMBER_OBJECT_CONVERSION = YES_AGGRESSIVE;
				CLANG_CXX_LANGUAGE_STANDARD = "gnu++20";
				CLANG_ENABLE_MODULES = YES;
				CLANG_ENABLE_OBJC_ARC = YES;
				CLANG_ENABLE_OBJC_WEAK = YES;
				CLANG_WARN_BLOCK_CAPTURE_AUTORELEASING = YES;
				CLANG_WARN_BOOL_CONVERSION = YES;
				CLANG_WARN_COMMA = YES;
				CLANG_WARN_CONSTANT_CONVERSION = YES;
				CLANG_WARN_DEPRECATED_OBJC_IMPLEMENTATIONS = YES;
				CLANG_WARN_DIRECT_OBJC_ISA_USAGE = YES_ERROR;
				CLANG_WARN_DOCUMENTATION_COMMENTS = YES;
				CLANG_WARN_EMPTY_BODY = YES;
				CLANG_WARN_ENUM_CONVERSION = YES;
				CLANG_WARN_INFINITE_RECURSION = YES;
				CLANG_WARN_INT_CONVERSION = YES;
				CLANG_WARN_NON_LITERAL_NULL_CONVERSION = YES;
				CLANG_WARN_OBJC_IMPLICIT_RETAIN_SELF = YES;
				CLANG_WARN_OBJC_LITERAL_CONVERSION = YES;
				CLANG_WARN_OBJC_ROOT_CLASS = YES_ERROR;
				CLANG_WARN_QUOTED_INCLUDE_IN_FRAMEWORK_HEADER = YES;
				CLANG_WARN_RANGE_LOOP_ANALYSIS = YES;
				CLANG_WARN_STRICT_PROTOTYPES = YES;
				CLANG_WARN_SUSPICIOUS_MOVE = YES;
				CLANG_WARN_UNGUARDED_AVAILABILITY = YES_AGGRESSIVE;
				CLANG_WARN_UNREACHABLE_CODE = YES;
				CLANG_WARN__DUPLICATE_METHOD_MATCH = YES;
				COPY_PHASE_STRIP = NO;
				DEBUG_INFORMATION_FORMAT = "dwarf-with-dsym";
				ENABLE_NS_ASSERTIONS = NO;
				ENABLE_STRICT_OBJC_MSGSEND = YES;
				GCC_C_LANGUAGE_STANDARD = gnu11;
				GCC_NO_COMMON_BLOCKS = YES;
				GCC_WARN_64_TO_32_BIT_CONVERSION = YES;
				GCC_WARN_ABOUT_RETURN_TYPE = YES_ERROR;
				GCC_WARN_UNDECLARED_SELECTOR = YES;
				GCC_WARN_UNINITIALIZED_AUTOS = YES_AGGRESSIVE;
				GCC_WARN_UNUSED_FUNCTION = YES;
				GCC_WARN_UNUSED_VARIABLE = YES;
				IPHONEOS_DEPLOYMENT_TARGET = 16.0;
				MTL_ENABLE_DEBUG_INFO = NO;
				MTL_FAST_MATH = YES;
				SDKROOT = iphoneos;
				SWIFT_COMPILATION_MODE = wholemodule;
				SWIFT_OPTIMIZATION_LEVEL = "-O";
				VALIDATE_PRODUCT = YES;
			};
			name = Release;
		};
		DE367594298030D100C97F00 /* Debug */ = {
			isa = XCBuildConfiguration;
			buildSettings = {
				ASSETCATALOG_COMPILER_APPICON_NAME = AppIcon;
				ASSETCATALOG_COMPILER_GLOBAL_ACCENT_COLOR_NAME = AccentColor;
				CODE_SIGN_STYLE = Automatic;
				CURRENT_PROJECT_VERSION = 1;
				DEBUG_INFORMATION_FORMAT = "dwarf-with-dsym";
				GENERATE_INFOPLIST_FILE = YES;
				INFOPLIST_FILE = "Firebase Demo/Info.plist";
				INFOPLIST_KEY_UIApplicationSupportsIndirectInputEvents = YES;
				INFOPLIST_KEY_UILaunchStoryboardName = LaunchScreen;
				INFOPLIST_KEY_UIMainStoryboardFile = Main;
				INFOPLIST_KEY_UISupportedInterfaceOrientations_iPad = "UIInterfaceOrientationPortrait UIInterfaceOrientationPortraitUpsideDown UIInterfaceOrientationLandscapeLeft UIInterfaceOrientationLandscapeRight";
				INFOPLIST_KEY_UISupportedInterfaceOrientations_iPhone = "UIInterfaceOrientationPortrait UIInterfaceOrientationLandscapeLeft UIInterfaceOrientationLandscapeRight";
				LD_RUNPATH_SEARCH_PATHS = (
					"$(inherited)",
					"@executable_path/Frameworks",
				);
				MARKETING_VERSION = 1.0;
				PRODUCT_BUNDLE_IDENTIFIER = "com.adwait.firebasetesting.Firebase-Demo";
				PRODUCT_NAME = "$(TARGET_NAME)";
				SWIFT_EMIT_LOC_STRINGS = YES;
				SWIFT_VERSION = 5.0;
				TARGETED_DEVICE_FAMILY = "1,2";
			};
			name = Debug;
		};
		DE367595298030D100C97F00 /* Release */ = {
			isa = XCBuildConfiguration;
			buildSettings = {
				ASSETCATALOG_COMPILER_APPICON_NAME = AppIcon;
				ASSETCATALOG_COMPILER_GLOBAL_ACCENT_COLOR_NAME = AccentColor;
				CODE_SIGN_STYLE = Automatic;
				CURRENT_PROJECT_VERSION = 1;
				DEBUG_INFORMATION_FORMAT = "dwarf-with-dsym";
				GENERATE_INFOPLIST_FILE = YES;
				INFOPLIST_FILE = "Firebase Demo/Info.plist";
				INFOPLIST_KEY_UIApplicationSupportsIndirectInputEvents = YES;
				INFOPLIST_KEY_UILaunchStoryboardName = LaunchScreen;
				INFOPLIST_KEY_UIMainStoryboardFile = Main;
				INFOPLIST_KEY_UISupportedInterfaceOrientations_iPad = "UIInterfaceOrientationPortrait UIInterfaceOrientationPortraitUpsideDown UIInterfaceOrientationLandscapeLeft UIInterfaceOrientationLandscapeRight";
				INFOPLIST_KEY_UISupportedInterfaceOrientations_iPhone = "UIInterfaceOrientationPortrait UIInterfaceOrientationLandscapeLeft UIInterfaceOrientationLandscapeRight";
				LD_RUNPATH_SEARCH_PATHS = (
					"$(inherited)",
					"@executable_path/Frameworks",
				);
				MARKETING_VERSION = 1.0;
				PRODUCT_BUNDLE_IDENTIFIER = "com.adwait.firebasetesting.Firebase-Demo";
				PRODUCT_NAME = "$(TARGET_NAME)";
				SWIFT_EMIT_LOC_STRINGS = YES;
				SWIFT_VERSION = 5.0;
				TARGETED_DEVICE_FAMILY = "1,2";
			};
			name = Release;
		};
/* End XCBuildConfiguration section */

/* Begin XCConfigurationList section */
		DE36757A298030CF00C97F00 /* Build configuration list for PBXProject "Firebase Demo" */ = {
			isa = XCConfigurationList;
			buildConfigurations = (
				DE367591298030D100C97F00 /* Debug */,
				DE367592298030D100C97F00 /* Release */,
			);
			defaultConfigurationIsVisible = 0;
			defaultConfigurationName = Release;
		};
		DE367593298030D100C97F00 /* Build configuration list for PBXNativeTarget "Firebase Demo" */ = {
			isa = XCConfigurationList;
			buildConfigurations = (
				DE367594298030D100C97F00 /* Debug */,
				DE367595298030D100C97F00 /* Release */,
			);
			defaultConfigurationIsVisible = 0;
			defaultConfigurationName = Release;
		};
/* End XCConfigurationList section */

/* Begin XCRemoteSwiftPackageReference section */
		4BE169C4298BD295004FE22F /* XCRemoteSwiftPackageReference "firebase-ios-sdk" */ = {
			isa = XCRemoteSwiftPackageReference;
			repositoryURL = "https://github.com/firebase/firebase-ios-sdk";
			requirement = {
				kind = upToNextMajorVersion;
				minimumVersion = 9.0.0;
			};
		};
/* End XCRemoteSwiftPackageReference section */

/* Begin XCSwiftPackageProductDependency section */
		4BE169C5298BD295004FE22F /* FirebaseAnalytics */ = {
			isa = XCSwiftPackageProductDependency;
			package = 4BE169C4298BD295004FE22F /* XCRemoteSwiftPackageReference "firebase-ios-sdk" */;
			productName = FirebaseAnalytics;
		};
		4BE169C7298BD295004FE22F /* FirebaseCrashlytics */ = {
			isa = XCSwiftPackageProductDependency;
			package = 4BE169C4298BD295004FE22F /* XCRemoteSwiftPackageReference "firebase-ios-sdk" */;
			productName = FirebaseCrashlytics;
		};
		4BE169C9298BD295004FE22F /* FirebaseRemoteConfig */ = {
			isa = XCSwiftPackageProductDependency;
			package = 4BE169C4298BD295004FE22F /* XCRemoteSwiftPackageReference "firebase-ios-sdk" */;
			productName = FirebaseRemoteConfig;
		};
/* End XCSwiftPackageProductDependency section */
	};
	rootObject = DE367577298030CF00C97F00 /* Project object */;
}
